
Microsoft Visual Studio Solution File, Format Version 12.00
# Visual Studio Version 17
VisualStudioVersion = 17.6.33815.320
MinimumVisualStudioVersion = 10.0.40219.1
Project("{9A19103F-16F7-4668-BE54-9A1E7A4F7556}") = "SimpleDraw", "SimpleDraw\SimpleDraw.csproj", "{8C49A39D-10E4-4A04-8121-A0160499965C}"
EndProject
Project("{FAE04EC0-301F-11D3-BF4B-00C04F79EFBC}") = "SimpleDrawServer", "SimpleDrawServer\SimpleDrawServer.csproj", "{5230772D-D3FE-4CFB-94BD-0DEFCBB7F92F}"
EndProject
Project("{FAE04EC0-301F-11D3-BF4B-00C04F79EFBC}") = "SimpleDrawLib", "SimpleDrawLib\SimpleDrawLib.csproj", "{75DD2226-0FE2-4451-ACFA-5FDABBB09065}"
EndProject
Global
	GlobalSection(SolutionConfigurationPlatforms) = preSolution
		Debug|Any CPU = Debug|Any CPU
		Release|Any CPU = Release|Any CPU
	EndGlobalSection
	GlobalSection(ProjectConfigurationPlatforms) = postSolution
		{8C49A39D-10E4-4A04-8121-A0160499965C}.Debug|Any CPU.ActiveCfg = Debug|Any CPU
		{8C49A39D-10E4-4A04-8121-A0160499965C}.Debug|Any CPU.Build.0 = Debug|Any CPU
		{8C49A39D-10E4-4A04-8121-A0160499965C}.Release|Any CPU.ActiveCfg = Release|Any CPU
		{8C49A39D-10E4-4A04-8121-A0160499965C}.Release|Any CPU.Build.0 = Release|Any CPU
		{5230772D-D3FE-4CFB-94BD-0DEFCBB7F92F}.Debug|Any CPU.ActiveCfg = Debug|Any CPU
		{5230772D-D3FE-4CFB-94BD-0DEFCBB7F92F}.Debug|Any CPU.Build.0 = Debug|Any CPU
		{5230772D-D3FE-4CFB-94BD-0DEFCBB7F92F}.Release|Any CPU.ActiveCfg = Release|Any CPU
		{5230772D-D3FE-4CFB-94BD-0DEFCBB7F92F}.Release|Any CPU.Build.0 = Release|Any CPU
		{75DD2226-0FE2-4451-ACFA-5FDABBB09065}.Debug|Any CPU.ActiveCfg = Debug|Any CPU
		{75DD2226-0FE2-4451-ACFA-5FDABBB09065}.Debug|Any CPU.Build.0 = Debug|Any CPU
		{75DD2226-0FE2-4451-ACFA-5FDABBB09065}.Release|Any CPU.ActiveCfg = Release|Any CPU
		{75DD2226-0FE2-4451-ACFA-5FDABBB09065}.Release|Any CPU.Build.0 = Release|Any CPU
	EndGlobalSection
	GlobalSection(SolutionProperties) = preSolution
		HideSolutionNode = FALSE
	EndGlobalSection
	GlobalSection(ExtensibilityGlobals) = postSolution
		SolutionGuid = {1E55A238-935B-44EB-BB0B-2BD64DFEE548}
	EndGlobalSection
EndGlobal
